
Microsoft Visual Studio Solution File, Format Version 12.00
# Visual Studio Version 17
VisualStudioVersion = 17.9.34607.119
MinimumVisualStudioVersion = 10.0.40219.1
Project("{8BC9CEB8-8B4A-11D0-8D11-00A0C91BC942}") = "GestorDeContactos", "GestorDeContactos.vcxproj", "{DE12FA34-5919-432C-8108-77FC1C080705}"
EndProject
Global
	GlobalSection(SolutionConfigurationPlatforms) = preSolution
		Debug|x64 = Debug|x64
		Debug|x86 = Debug|x86
		Release|x64 = Release|x64
		Release|x86 = Release|x86
	EndGlobalSection
	GlobalSection(ProjectConfigurationPlatforms) = postSolution
		{DE12FA34-5919-432C-8108-77FC1C080705}.Debug|x64.ActiveCfg = Debug|x64
		{DE12FA34-5919-432C-8108-77FC1C080705}.Debug|x64.Build.0 = Debug|x64
		{DE12FA34-5919-432C-8108-77FC1C080705}.Debug|x86.ActiveCfg = Debug|Win32
		{DE12FA34-5919-432C-8108-77FC1C080705}.Debug|x86.Build.0 = Debug|Win32
		{DE12FA34-5919-432C-8108-77FC1C080705}.Release|x64.ActiveCfg = Release|x64
		{DE12FA34-5919-432C-8108-77FC1C080705}.Release|x64.Build.0 = Release|x64
		{DE12FA34-5919-432C-8108-77FC1C080705}.Release|x86.ActiveCfg = Release|Win32
		{DE12FA34-5919-432C-8108-77FC1C080705}.Release|x86.Build.0 = Release|Win32
	EndGlobalSection
	GlobalSection(SolutionProperties) = preSolution
		HideSolutionNode = FALSE
	EndGlobalSection
	GlobalSection(ExtensibilityGlobals) = postSolution
		SolutionGuid = {F51234D7-C314-463F-B2D3-CB42BE359E33}
	EndGlobalSection
EndGlobal
